// !$*UTF8*$!
{
	archiveVersion = 1;
	classes = {
	};
	objectVersion = 50;
	objects = {

/* Begin PBXBuildFile section */
		28A1951E21FD716D00F5ACCE /* AppDelegate.swift in Sources */ = {isa = PBXBuildFile; fileRef = 28A1951D21FD716D00F5ACCE /* AppDelegate.swift */; };
		28A1952021FD716D00F5ACCE /* art.scnassets in Resources */ = {isa = PBXBuildFile; fileRef = 28A1951F21FD716D00F5ACCE /* art.scnassets */; };
		28A1952221FD716D00F5ACCE /* ViewController.swift in Sources */ = {isa = PBXBuildFile; fileRef = 28A1952121FD716D00F5ACCE /* ViewController.swift */; };
		28A1952521FD716D00F5ACCE /* Main.storyboard in Resources */ = {isa = PBXBuildFile; fileRef = 28A1952321FD716D00F5ACCE /* Main.storyboard */; };
		28A1952721FD716E00F5ACCE /* Assets.xcassets in Resources */ = {isa = PBXBuildFile; fileRef = 28A1952621FD716E00F5ACCE /* Assets.xcassets */; };
		28A1952A21FD716E00F5ACCE /* LaunchScreen.storyboard in Resources */ = {isa = PBXBuildFile; fileRef = 28A1952821FD716E00F5ACCE /* LaunchScreen.storyboard */; };
/* End PBXBuildFile section */

/* Begin PBXFileReference section */
		28A1951A21FD716D00F5ACCE /* ARDance.app */ = {isa = PBXFileReference; explicitFileType = wrapper.application; includeInIndex = 0; path = ARDance.app; sourceTree = BUILT_PRODUCTS_DIR; };
		28A1951D21FD716D00F5ACCE /* AppDelegate.swift */ = {isa = PBXFileReference; lastKnownFileType = sourcecode.swift; path = AppDelegate.swift; sourceTree = "<group>"; };
		28A1951F21FD716D00F5ACCE /* art.scnassets */ = {isa = PBXFileReference; lastKnownFileType = wrapper.scnassets; path = art.scnassets; sourceTree = "<group>"; };
		28A1952121FD716D00F5ACCE /* ViewController.swift */ = {isa = PBXFileReference; lastKnownFileType = sourcecode.swift; path = ViewController.swift; sourceTree = "<group>"; };
		28A1952421FD716D00F5ACCE /* Base */ = {isa = PBXFileReference; lastKnownFileType = file.storyboard; name = Base; path = Base.lproj/Main.storyboard; sourceTree = "<group>"; };
		28A1952621FD716E00F5ACCE /* Assets.xcassets */ = {isa = PBXFileReference; lastKnownFileType = folder.assetcatalog; path = Assets.xcassets; sourceTree = "<group>"; };
		28A1952921FD716E00F5ACCE /* Base */ = {isa = PBXFileReference; lastKnownFileType = file.storyboard; name = Base; path = Base.lproj/LaunchScreen.storyboard; sourceTree = "<group>"; };
		28A1952B21FD716E00F5ACCE /* Info.plist */ = {isa = PBXFileReference; lastKnownFileType = text.plist.xml; path = Info.plist; sourceTree = "<group>"; };
/* End PBXFileReference section */

/* Begin PBXFrameworksBuildPhase section */
		28A1951721FD716D00F5ACCE /* Frameworks */ = {
			isa = PBXFrameworksBuildPhase;
			buildActionMask = 2147483647;
			files = (
			);
			runOnlyForDeploymentPostprocessing = 0;
		};
/* End PBXFrameworksBuildPhase section */

/* Begin PBXGroup section */
		28A1951121FD716D00F5ACCE = {
			isa = PBXGroup;
			children = (
				28A1951C21FD716D00F5ACCE /* ARDance */,
				28A1951B21FD716D00F5ACCE /* Products */,
			);
			sourceTree = "<group>";
		};
		28A1951B21FD716D00F5ACCE /* Products */ = {
			isa = PBXGroup;
			children = (
				28A1951A21FD716D00F5ACCE /* ARDance.app */,
			);
			name = Products;
			sourceTree = "<group>";
		};
		28A1951C21FD716D00F5ACCE /* ARDance */ = {
			isa = PBXGroup;
			children = (
				28A1951D21FD716D00F5ACCE /* AppDelegate.swift */,
				28A1951F21FD716D00F5ACCE /* art.scnassets */,
				28A1952121FD716D00F5ACCE /* ViewController.swift */,
				28A1952321FD716D00F5ACCE /* Main.storyboard */,
				28A1952621FD716E00F5ACCE /* Assets.xcassets */,
				28A1952821FD716E00F5ACCE /* LaunchScreen.storyboard */,
				28A1952B21FD716E00F5ACCE /* Info.plist */,
			);
			path = ARDance;
			sourceTree = "<group>";
		};
/* End PBXGroup section */

/* Begin PBXNativeTarget section */
		28A1951921FD716D00F5ACCE /* ARDance */ = {
			isa = PBXNativeTarget;
			buildConfigurationList = 28A1952E21FD716E00F5ACCE /* Build configuration list for PBXNativeTarget "ARDance" */;
			buildPhases = (
				28A1951621FD716D00F5ACCE /* Sources */,
				28A1951721FD716D00F5ACCE /* Frameworks */,
				28A1951821FD716D00F5ACCE /* Resources */,
			);
			buildRules = (
			);
			dependencies = (
			);
			name = ARDance;
			productName = ARDance;
			productReference = 28A1951A21FD716D00F5ACCE /* ARDance.app */;
			productType = "com.apple.product-type.application";
		};
/* End PBXNativeTarget section */

/* Begin PBXProject section */
		28A1951221FD716D00F5ACCE /* Project object */ = {
			isa = PBXProject;
			attributes = {
				LastSwiftUpdateCheck = 1010;
				LastUpgradeCheck = 1010;
				ORGANIZATIONNAME = kboy;
				TargetAttributes = {
					28A1951921FD716D00F5ACCE = {
						CreatedOnToolsVersion = 10.1;
					};
				};
			};
			buildConfigurationList = 28A1951521FD716D00F5ACCE /* Build configuration list for PBXProject "ARDance" */;
			compatibilityVersion = "Xcode 9.3";
			developmentRegion = en;
			hasScannedForEncodings = 0;
			knownRegions = (
				en,
				Base,
			);
			mainGroup = 28A1951121FD716D00F5ACCE;
			productRefGroup = 28A1951B21FD716D00F5ACCE /* Products */;
			projectDirPath = "";
			projectRoot = "";
			targets = (
				28A1951921FD716D00F5ACCE /* ARDance */,
			);
		};
/* End PBXProject section */

/* Begin PBXResourcesBuildPhase section */
		28A1951821FD716D00F5ACCE /* Resources */ = {
			isa = PBXResourcesBuildPhase;
			buildActionMask = 2147483647;
			files = (
				28A1952021FD716D00F5ACCE /* art.scnassets in Resources */,
				28A1952A21FD716E00F5ACCE /* LaunchScreen.storyboard in Resources */,
				28A1952721FD716E00F5ACCE /* Assets.xcassets in Resources */,
				28A1952521FD716D00F5ACCE /* Main.storyboard in Resources */,
			);
			runOnlyForDeploymentPostprocessing = 0;
		};
/* End PBXResourcesBuildPhase section */

/* Begin PBXSourcesBuildPhase section */
		28A1951621FD716D00F5ACCE /* Sources */ = {
			isa = PBXSourcesBuildPhase;
			buildActionMask = 2147483647;
			files = (
				28A1952221FD716D00F5ACCE /* ViewController.swift in Sources */,
				28A1951E21FD716D00F5ACCE /* AppDelegate.swift in Sources */,
			);
			runOnlyForDeploymentPostprocessing = 0;
		};
/* End PBXSourcesBuildPhase section */

/* Begin PBXVariantGroup section */
		28A1952321FD716D00F5ACCE /* Main.storyboard */ = {
			isa = PBXVariantGroup;
			children = (
				28A1952421FD716D00F5ACCE /* Base */,
			);
			name = Main.storyboard;
			sourceTree = "<group>";
		};
		28A1952821FD716E00F5ACCE /* LaunchScreen.storyboard */ = {
			isa = PBXVariantGroup;
			children = (
				28A1952921FD716E00F5ACCE /* Base */,
			);
			name = LaunchScreen.storyboard;
			sourceTree = "<group>";
		};
/* End PBXVariantGroup section */

/* Begin XCBuildConfiguration section */
		28A1952C21FD716E00F5ACCE /* Debug */ = {
			isa = XCBuildConfiguration;
			buildSettings = {
				ALWAYS_SEARCH_USER_PATHS = NO;
				CLANG_ANALYZER_NONNULL = YES;
				CLANG_ANALYZER_NUMBER_OBJECT_CONVERSION = YES_AGGRESSIVE;
				CLANG_CXX_LANGUAGE_STANDARD = "gnu++14";
				CLANG_CXX_LIBRARY = "libc++";
				CLANG_ENABLE_MODULES = YES;
				CLANG_ENABLE_OBJC_ARC = YES;
				CLANG_ENABLE_OBJC_WEAK = YES;
				CLANG_WARN_BLOCK_CAPTURE_AUTORELEASING = YES;
				CLANG_WARN_BOOL_CONVERSION = YES;
				CLANG_WARN_COMMA = YES;
				CLANG_WARN_CONSTANT_CONVERSION = YES;
				CLANG_WARN_DEPRECATED_OBJC_IMPLEMENTATIONS = YES;
				CLANG_WARN_DIRECT_OBJC_ISA_USAGE = YES_ERROR;
				CLANG_WARN_DOCUMENTATION_COMMENTS = YES;
				CLANG_WARN_EMPTY_BODY = YES;
				CLANG_WARN_ENUM_CONVERSION = YES;
				CLANG_WARN_INFINITE_RECURSION = YES;
				CLANG_WARN_INT_CONVERSION = YES;
				CLANG_WARN_NON_LITERAL_NULL_CONVERSION = YES;
				CLANG_WARN_OBJC_IMPLICIT_RETAIN_SELF = YES;
				CLANG_WARN_OBJC_LITERAL_CONVERSION = YES;
				CLANG_WARN_OBJC_ROOT_CLASS = YES_ERROR;
				CLANG_WARN_RANGE_LOOP_ANALYSIS = YES;
				CLANG_WARN_STRICT_PROTOTYPES = YES;
				CLANG_WARN_SUSPICIOUS_MOVE = YES;
				CLANG_WARN_UNGUARDED_AVAILABILITY = YES_AGGRESSIVE;
				CLANG_WARN_UNREACHABLE_CODE = YES;
				CLANG_WARN__DUPLICATE_METHOD_MATCH = YES;
				CODE_SIGN_IDENTITY = "iPhone Developer";
				COPY_PHASE_STRIP = NO;
				DEBUG_INFORMATION_FORMAT = dwarf;
				ENABLE_STRICT_OBJC_MSGSEND = YES;
				ENABLE_TESTABILITY = YES;
				GCC_C_LANGUAGE_STANDARD = gnu11;
				GCC_DYNAMIC_NO_PIC = NO;
				GCC_NO_COMMON_BLOCKS = YES;
				GCC_OPTIMIZATION_LEVEL = 0;
				GCC_PREPROCESSOR_DEFINITIONS = (
					"DEBUG=1",
					"$(inherited)",
				);
				GCC_WARN_64_TO_32_BIT_CONVERSION = YES;
				GCC_WARN_ABOUT_RETURN_TYPE = YES_ERROR;
				GCC_WARN_UNDECLARED_SELECTOR = YES;
				GCC_WARN_UNINITIALIZED_AUTOS = YES_AGGRESSIVE;
				GCC_WARN_UNUSED_FUNCTION = YES;
				GCC_WARN_UNUSED_VARIABLE = YES;
				IPHONEOS_DEPLOYMENT_TARGET = 12.1;
				MTL_ENABLE_DEBUG_INFO = INCLUDE_SOURCE;
				MTL_FAST_MATH = YES;
				ONLY_ACTIVE_ARCH = YES;
				SDKROOT = iphoneos;
				SWIFT_ACTIVE_COMPILATION_CONDITIONS = DEBUG;
				SWIFT_OPTIMIZATION_LEVEL = "-Onone";
			};
			name = Debug;
		};
		28A1952D21FD716E00F5ACCE /* Release */ = {
			isa = XCBuildConfiguration;
			buildSettings = {
				ALWAYS_SEARCH_USER_PATHS = NO;
				CLANG_ANALYZER_NONNULL = YES;
				CLANG_ANALYZER_NUMBER_OBJECT_CONVERSION = YES_AGGRESSIVE;
				CLANG_CXX_LANGUAGE_STANDARD = "gnu++14";
				CLANG_CXX_LIBRARY = "libc++";
				CLANG_ENABLE_MODULES = YES;
				CLANG_ENABLE_OBJC_ARC = YES;
				CLANG_ENABLE_OBJC_WEAK = YES;
				CLANG_WARN_BLOCK_CAPTURE_AUTORELEASING = YES;
				CLANG_WARN_BOOL_CONVERSION = YES;
				CLANG_WARN_COMMA = YES;
				CLANG_WARN_CONSTANT_CONVERSION = YES;
				CLANG_WARN_DEPRECATED_OBJC_IMPLEMENTATIONS = YES;
				CLANG_WARN_DIRECT_OBJC_ISA_USAGE = YES_ERROR;
				CLANG_WARN_DOCUMENTATION_COMMENTS = YES;
				CLANG_WARN_EMPTY_BODY = YES;
				CLANG_WARN_ENUM_CONVERSION = YES;
				CLANG_WARN_INFINITE_RECURSION = YES;
				CLANG_WARN_INT_CONVERSION = YES;
				CLANG_WARN_NON_LITERAL_NULL_CONVERSION = YES;
				CLANG_WARN_OBJC_IMPLICIT_RETAIN_SELF = YES;
				CLANG_WARN_OBJC_LITERAL_CONVERSION = YES;
				CLANG_WARN_OBJC_ROOT_CLASS = YES_ERROR;
				CLANG_WARN_RANGE_LOOP_ANALYSIS = YES;
				CLANG_WARN_STRICT_PROTOTYPES = YES;
				CLANG_WARN_SUSPICIOUS_MOVE = YES;
				CLANG_WARN_UNGUARDED_AVAILABILITY = YES_AGGRESSIVE;
				CLANG_WARN_UNREACHABLE_CODE = YES;
				CLANG_WARN__DUPLICATE_METHOD_MATCH = YES;
				CODE_SIGN_IDENTITY = "iPhone Developer";
				COPY_PHASE_STRIP = NO;
				DEBUG_INFORMATION_FORMAT = "dwarf-with-dsym";
				ENABLE_NS_ASSERTIONS = NO;
				ENABLE_STRICT_OBJC_MSGSEND = YES;
				GCC_C_LANGUAGE_STANDARD = gnu11;
				GCC_NO_COMMON_BLOCKS = YES;
				GCC_WARN_64_TO_32_BIT_CONVERSION = YES;
				GCC_WARN_ABOUT_RETURN_TYPE = YES_ERROR;
				GCC_WARN_UNDECLARED_SELECTOR = YES;
				GCC_WARN_UNINITIALIZED_AUTOS = YES_AGGRESSIVE;
				GCC_WARN_UNUSED_FUNCTION = YES;
				GCC_WARN_UNUSED_VARIABLE = YES;
				IPHONEOS_DEPLOYMENT_TARGET = 12.1;
				MTL_ENABLE_DEBUG_INFO = NO;
				MTL_FAST_MATH = YES;
				SDKROOT = iphoneos;
				SWIFT_COMPILATION_MODE = wholemodule;
				SWIFT_OPTIMIZATION_LEVEL = "-O";
				VALIDATE_PRODUCT = YES;
			};
			name = Release;
		};
		28A1952F21FD716E00F5ACCE /* Debug */ = {
			isa = XCBuildConfiguration;
			buildSettings = {
				ASSETCATALOG_COMPILER_APPICON_NAME = AppIcon;
				CODE_SIGN_STYLE = Automatic;
				DEVELOPMENT_TEAM = FB6D8X43R8;
				INFOPLIST_FILE = ARDance/Info.plist;
				LD_RUNPATH_SEARCH_PATHS = (
					"$(inherited)",
					"@executable_path/Frameworks",
				);
				PRODUCT_BUNDLE_IDENTIFIER = net.kboy.ARDance;
				PRODUCT_NAME = "$(TARGET_NAME)";
				SWIFT_VERSION = 4.2;
				TARGETED_DEVICE_FAMILY = "1,2";
			};
			name = Debug;
		};
		28A1953021FD716E00F5ACCE /* Release */ = {
			isa = XCBuildConfiguration;
			buildSettings = {
				ASSETCATALOG_COMPILER_APPICON_NAME = AppIcon;
				CODE_SIGN_STYLE = Automatic;
				DEVELOPMENT_TEAM = FB6D8X43R8;
				INFOPLIST_FILE = ARDance/Info.plist;
				LD_RUNPATH_SEARCH_PATHS = (
					"$(inherited)",
					"@executable_path/Frameworks",
				);
				PRODUCT_BUNDLE_IDENTIFIER = net.kboy.ARDance;
				PRODUCT_NAME = "$(TARGET_NAME)";
				SWIFT_VERSION = 4.2;
				TARGETED_DEVICE_FAMILY = "1,2";
			};
			name = Release;
		};
/* End XCBuildConfiguration section */

/* Begin XCConfigurationList section */
		28A1951521FD716D00F5ACCE /* Build configuration list for PBXProject "ARDance" */ = {
			isa = XCConfigurationList;
			buildConfigurations = (
				28A1952C21FD716E00F5ACCE /* Debug */,
				28A1952D21FD716E00F5ACCE /* Release */,
			);
			defaultConfigurationIsVisible = 0;
			defaultConfigurationName = Release;
		};
		28A1952E21FD716E00F5ACCE /* Build configuration list for PBXNativeTarget "ARDance" */ = {
			isa = XCConfigurationList;
			buildConfigurations = (
				28A1952F21FD716E00F5ACCE /* Debug */,
				28A1953021FD716E00F5ACCE /* Release */,
			);
			defaultConfigurationIsVisible = 0;
			defaultConfigurationName = Release;
		};
/* End XCConfigurationList section */
	};
	rootObject = 28A1951221FD716D00F5ACCE /* Project object */;
}
